
Microsoft Visual Studio Solution File, Format Version 12.00
# Visual Studio Version 17
VisualStudioVersion = 17.8.34408.163
MinimumVisualStudioVersion = 10.0.40219.1
Project("{FAE04EC0-301F-11D3-BF4B-00C04F79EFBC}") = "capkel", "capkel\capkel.csproj", "{161DB000-D93E-45F7-83F4-D608AA2B6B6F}"
EndProject
Global
	GlobalSection(SolutionConfigurationPlatforms) = preSolution
		Debug|Any CPU = Debug|Any CPU
		Release|Any CPU = Release|Any CPU
	EndGlobalSection
	GlobalSection(ProjectConfigurationPlatforms) = postSolution
		{161DB000-D93E-45F7-83F4-D608AA2B6B6F}.Debug|Any CPU.ActiveCfg = Debug|Any CPU
		{161DB000-D93E-45F7-83F4-D608AA2B6B6F}.Debug|Any CPU.Build.0 = Debug|Any CPU
		{161DB000-D93E-45F7-83F4-D608AA2B6B6F}.Release|Any CPU.ActiveCfg = Release|Any CPU
		{161DB000-D93E-45F7-83F4-D608AA2B6B6F}.Release|Any CPU.Build.0 = Release|Any CPU
	EndGlobalSection
	GlobalSection(SolutionProperties) = preSolution
		HideSolutionNode = FALSE
	EndGlobalSection
	GlobalSection(ExtensibilityGlobals) = postSolution
		SolutionGuid = {CEA4F0EE-4EE8-4D2C-964B-612EBED55457}
	EndGlobalSection
EndGlobal
